
Microsoft Visual Studio Solution File, Format Version 12.00
# Visual Studio Version 16
VisualStudioVersion = 16.0.31313.79
MinimumVisualStudioVersion = 10.0.40219.1
Project("{FAE04EC0-301F-11D3-BF4B-00C04F79EFBC}") = "Diplom_", "Diplom_\Diplom_.csproj", "{D3766CB2-8A83-4CFD-8614-A5A1C41CDA08}"
EndProject
Global
	GlobalSection(SolutionConfigurationPlatforms) = preSolution
		Debug|Any CPU = Debug|Any CPU
		Release|Any CPU = Release|Any CPU
	EndGlobalSection
	GlobalSection(ProjectConfigurationPlatforms) = postSolution
		{D3766CB2-8A83-4CFD-8614-A5A1C41CDA08}.Debug|Any CPU.ActiveCfg = Debug|Any CPU
		{D3766CB2-8A83-4CFD-8614-A5A1C41CDA08}.Debug|Any CPU.Build.0 = Debug|Any CPU
		{D3766CB2-8A83-4CFD-8614-A5A1C41CDA08}.Release|Any CPU.ActiveCfg = Release|Any CPU
		{D3766CB2-8A83-4CFD-8614-A5A1C41CDA08}.Release|Any CPU.Build.0 = Release|Any CPU
	EndGlobalSection
	GlobalSection(SolutionProperties) = preSolution
		HideSolutionNode = FALSE
	EndGlobalSection
	GlobalSection(ExtensibilityGlobals) = postSolution
		SolutionGuid = {6552419D-6DD4-4048-84BC-B3A4886C8FF8}
	EndGlobalSection
EndGlobal
